
Microsoft Visual Studio Solution File, Format Version 12.00
# Visual Studio Version 16
VisualStudioVersion = 16.0.31313.79
MinimumVisualStudioVersion = 10.0.40219.1
Project("{FAE04EC0-301F-11D3-BF4B-00C04F79EFBC}") = "App4.Android", "App4\App4.Android\App4.Android.csproj", "{EE52C1E3-7EE1-4D23-B5E1-95A4684BE793}"
EndProject
Project("{9A19103F-16F7-4668-BE54-9A1E7A4F7556}") = "App4", "App4\App4\App4.csproj", "{63553D72-C6A4-40BF-9C8F-EEE3A7C72254}"
EndProject
Global
	GlobalSection(SolutionConfigurationPlatforms) = preSolution
		Debug|Any CPU = Debug|Any CPU
		Release|Any CPU = Release|Any CPU
	EndGlobalSection
	GlobalSection(ProjectConfigurationPlatforms) = postSolution
		{EE52C1E3-7EE1-4D23-B5E1-95A4684BE793}.Debug|Any CPU.ActiveCfg = Debug|Any CPU
		{EE52C1E3-7EE1-4D23-B5E1-95A4684BE793}.Debug|Any CPU.Build.0 = Debug|Any CPU
		{EE52C1E3-7EE1-4D23-B5E1-95A4684BE793}.Debug|Any CPU.Deploy.0 = Debug|Any CPU
		{EE52C1E3-7EE1-4D23-B5E1-95A4684BE793}.Release|Any CPU.ActiveCfg = Release|Any CPU
		{EE52C1E3-7EE1-4D23-B5E1-95A4684BE793}.Release|Any CPU.Build.0 = Release|Any CPU
		{EE52C1E3-7EE1-4D23-B5E1-95A4684BE793}.Release|Any CPU.Deploy.0 = Release|Any CPU
		{63553D72-C6A4-40BF-9C8F-EEE3A7C72254}.Debug|Any CPU.ActiveCfg = Debug|Any CPU
		{63553D72-C6A4-40BF-9C8F-EEE3A7C72254}.Debug|Any CPU.Build.0 = Debug|Any CPU
		{63553D72-C6A4-40BF-9C8F-EEE3A7C72254}.Debug|Any CPU.Deploy.0 = Debug|Any CPU
		{63553D72-C6A4-40BF-9C8F-EEE3A7C72254}.Release|Any CPU.ActiveCfg = Release|Any CPU
		{63553D72-C6A4-40BF-9C8F-EEE3A7C72254}.Release|Any CPU.Build.0 = Release|Any CPU
		{63553D72-C6A4-40BF-9C8F-EEE3A7C72254}.Release|Any CPU.Deploy.0 = Release|Any CPU
	EndGlobalSection
	GlobalSection(SolutionProperties) = preSolution
		HideSolutionNode = FALSE
	EndGlobalSection
	GlobalSection(ExtensibilityGlobals) = postSolution
		SolutionGuid = {781D2247-D291-4931-92F3-EF9CEA8CAB1D}
	EndGlobalSection
EndGlobal
